
Microsoft Visual Studio Solution File, Format Version 12.00
# Visual Studio 15
VisualStudioVersion = 15.0.26430.12
MinimumVisualStudioVersion = 10.0.40219.1
Project("{FAE04EC0-301F-11D3-BF4B-00C04F79EFBC}") = "DroneLander.Android", "DroneLander\DroneLander.Android\DroneLander.Android.csproj", "{AA394072-59DF-494D-A8EE-40C842203F47}"
EndProject
Project("{FAE04EC0-301F-11D3-BF4B-00C04F79EFBC}") = "DroneLander", "DroneLander\DroneLander\DroneLander.csproj", "{340D86BD-B2AD-471B-BE96-91A80F5E8670}"
EndProject
Project("{FAE04EC0-301F-11D3-BF4B-00C04F79EFBC}") = "DroneLander.UWP", "DroneLander\DroneLander.UWP\DroneLander.UWP.csproj", "{8D5ED9BE-53F3-4187-8D2E-51AAE91565AF}"
EndProject
Project("{FAE04EC0-301F-11D3-BF4B-00C04F79EFBC}") = "DroneLander.iOS", "DroneLander\DroneLander.iOS\DroneLander.iOS.csproj", "{B1ED666F-D3EB-4E7D-9EA2-C6AD6B6AAA0C}"
EndProject
Global
	GlobalSection(SolutionConfigurationPlatforms) = preSolution
		Ad-Hoc|Any CPU = Ad-Hoc|Any CPU
		Ad-Hoc|ARM = Ad-Hoc|ARM
		Ad-Hoc|iPhone = Ad-Hoc|iPhone
		Ad-Hoc|iPhoneSimulator = Ad-Hoc|iPhoneSimulator
		Ad-Hoc|x64 = Ad-Hoc|x64
		Ad-Hoc|x86 = Ad-Hoc|x86
		AppStore|Any CPU = AppStore|Any CPU
		AppStore|ARM = AppStore|ARM
		AppStore|iPhone = AppStore|iPhone
		AppStore|iPhoneSimulator = AppStore|iPhoneSimulator
		AppStore|x64 = AppStore|x64
		AppStore|x86 = AppStore|x86
		Debug|Any CPU = Debug|Any CPU
		Debug|ARM = Debug|ARM
		Debug|iPhone = Debug|iPhone
		Debug|iPhoneSimulator = Debug|iPhoneSimulator
		Debug|x64 = Debug|x64
		Debug|x86 = Debug|x86
		Release|Any CPU = Release|Any CPU
		Release|ARM = Release|ARM
		Release|iPhone = Release|iPhone
		Release|iPhoneSimulator = Release|iPhoneSimulator
		Release|x64 = Release|x64
		Release|x86 = Release|x86
	EndGlobalSection
	GlobalSection(ProjectConfigurationPlatforms) = postSolution
		{AA394072-59DF-494D-A8EE-40C842203F47}.Ad-Hoc|Any CPU.ActiveCfg = Release|Any CPU
		{AA394072-59DF-494D-A8EE-40C842203F47}.Ad-Hoc|Any CPU.Build.0 = Release|Any CPU
		{AA394072-59DF-494D-A8EE-40C842203F47}.Ad-Hoc|Any CPU.Deploy.0 = Release|Any CPU
		{AA394072-59DF-494D-A8EE-40C842203F47}.Ad-Hoc|ARM.ActiveCfg = Release|Any CPU
		{AA394072-59DF-494D-A8EE-40C842203F47}.Ad-Hoc|ARM.Build.0 = Release|Any CPU
		{AA394072-59DF-494D-A8EE-40C842203F47}.Ad-Hoc|ARM.Deploy.0 = Release|Any CPU
		{AA394072-59DF-494D-A8EE-40C842203F47}.Ad-Hoc|iPhone.ActiveCfg = Release|Any CPU
		{AA394072-59DF-494D-A8EE-40C842203F47}.Ad-Hoc|iPhone.Build.0 = Release|Any CPU
		{AA394072-59DF-494D-A8EE-40C842203F47}.Ad-Hoc|iPhone.Deploy.0 = Release|Any CPU
		{AA394072-59DF-494D-A8EE-40C842203F47}.Ad-Hoc|iPhoneSimulator.ActiveCfg = Release|Any CPU
		{AA394072-59DF-494D-A8EE-40C842203F47}.Ad-Hoc|iPhoneSimulator.Build.0 = Release|Any CPU
		{AA394072-59DF-494D-A8EE-40C842203F47}.Ad-Hoc|iPhoneSimulator.Deploy.0 = Release|Any CPU
		{AA394072-59DF-494D-A8EE-40C842203F47}.Ad-Hoc|x64.ActiveCfg = Release|Any CPU
		{AA394072-59DF-494D-A8EE-40C842203F47}.Ad-Hoc|x64.Build.0 = Release|Any CPU
		{AA394072-59DF-494D-A8EE-40C842203F47}.Ad-Hoc|x64.Deploy.0 = Release|Any CPU
		{AA394072-59DF-494D-A8EE-40C842203F47}.Ad-Hoc|x86.ActiveCfg = Release|Any CPU
		{AA394072-59DF-494D-A8EE-40C842203F47}.Ad-Hoc|x86.Build.0 = Release|Any CPU
		{AA394072-59DF-494D-A8EE-40C842203F47}.Ad-Hoc|x86.Deploy.0 = Release|Any CPU
		{AA394072-59DF-494D-A8EE-40C842203F47}.AppStore|Any CPU.ActiveCfg = Release|Any CPU
		{AA394072-59DF-494D-A8EE-40C842203F47}.AppStore|Any CPU.Build.0 = Release|Any CPU
		{AA394072-59DF-494D-A8EE-40C842203F47}.AppStore|Any CPU.Deploy.0 = Release|Any CPU
		{AA394072-59DF-494D-A8EE-40C842203F47}.AppStore|ARM.ActiveCfg = Release|Any CPU
		{AA394072-59DF-494D-A8EE-40C842203F47}.AppStore|ARM.Build.0 = Release|Any CPU
		{AA394072-59DF-494D-A8EE-40C842203F47}.AppStore|ARM.Deploy.0 = Release|Any CPU
		{AA394072-59DF-494D-A8EE-40C842203F47}.AppStore|iPhone.ActiveCfg = Release|Any CPU
		{AA394072-59DF-494D-A8EE-40C842203F47}.AppStore|iPhone.Build.0 = Release|Any CPU
		{AA394072-59DF-494D-A8EE-40C842203F47}.AppStore|iPhone.Deploy.0 = Release|Any CPU
		{AA394072-59DF-494D-A8EE-40C842203F47}.AppStore|iPhoneSimulator.ActiveCfg = Release|Any CPU
		{AA394072-59DF-494D-A8EE-40C842203F47}.AppStore|iPhoneSimulator.Build.0 = Release|Any CPU
		{AA394072-59DF-494D-A8EE-40C842203F47}.AppStore|iPhoneSimulator.Deploy.0 = Release|Any CPU
		{AA394072-59DF-494D-A8EE-40C842203F47}.AppStore|x64.ActiveCfg = Release|Any CPU
		{AA394072-59DF-494D-A8EE-40C842203F47}.AppStore|x64.Build.0 = Release|Any CPU
		{AA394072-59DF-494D-A8EE-40C842203F47}.AppStore|x64.Deploy.0 = Release|Any CPU
		{AA394072-59DF-494D-A8EE-40C842203F47}.AppStore|x86.ActiveCfg = Release|Any CPU
		{AA394072-59DF-494D-A8EE-40C842203F47}.AppStore|x86.Build.0 = Release|Any CPU
		{AA394072-59DF-494D-A8EE-40C842203F47}.AppStore|x86.Deploy.0 = Release|Any CPU
		{AA394072-59DF-494D-A8EE-40C842203F47}.Debug|Any CPU.ActiveCfg = Debug|Any CPU
		{AA394072-59DF-494D-A8EE-40C842203F47}.Debug|Any CPU.Build.0 = Debug|Any CPU
		{AA394072-59DF-494D-A8EE-40C842203F47}.Debug|Any CPU.Deploy.0 = Debug|Any CPU
		{AA394072-59DF-494D-A8EE-40C842203F47}.Debug|ARM.ActiveCfg = Debug|Any CPU
		{AA394072-59DF-494D-A8EE-40C842203F47}.Debug|ARM.Build.0 = Debug|Any CPU
		{AA394072-59DF-494D-A8EE-40C842203F47}.Debug|ARM.Deploy.0 = Debug|Any CPU
		{AA394072-59DF-494D-A8EE-40C842203F47}.Debug|iPhone.ActiveCfg = Debug|Any CPU
		{AA394072-59DF-494D-A8EE-40C842203F47}.Debug|iPhone.Build.0 = Debug|Any CPU
		{AA394072-59DF-494D-A8EE-40C842203F47}.Debug|iPhone.Deploy.0 = Debug|Any CPU
		{AA394072-59DF-494D-A8EE-40C842203F47}.Debug|iPhoneSimulator.ActiveCfg = Debug|Any CPU
		{AA394072-59DF-494D-A8EE-40C842203F47}.Debug|iPhoneSimulator.Build.0 = Debug|Any CPU
		{AA394072-59DF-494D-A8EE-40C842203F47}.Debug|iPhoneSimulator.Deploy.0 = Debug|Any CPU
		{AA394072-59DF-494D-A8EE-40C842203F47}.Debug|x64.ActiveCfg = Debug|Any CPU
		{AA394072-59DF-494D-A8EE-40C842203F47}.Debug|x64.Build.0 = Debug|Any CPU
		{AA394072-59DF-494D-A8EE-40C842203F47}.Debug|x64.Deploy.0 = Debug|Any CPU
		{AA394072-59DF-494D-A8EE-40C842203F47}.Debug|x86.ActiveCfg = Debug|Any CPU
		{AA394072-59DF-494D-A8EE-40C842203F47}.Debug|x86.Build.0 = Debug|Any CPU
		{AA394072-59DF-494D-A8EE-40C842203F47}.Debug|x86.Deploy.0 = Debug|Any CPU
		{AA394072-59DF-494D-A8EE-40C842203F47}.Release|Any CPU.ActiveCfg = Release|Any CPU
		{AA394072-59DF-494D-A8EE-40C842203F47}.Release|Any CPU.Build.0 = Release|Any CPU
		{AA394072-59DF-494D-A8EE-40C842203F47}.Release|Any CPU.Deploy.0 = Release|Any CPU
		{AA394072-59DF-494D-A8EE-40C842203F47}.Release|ARM.ActiveCfg = Release|Any CPU
		{AA394072-59DF-494D-A8EE-40C842203F47}.Release|ARM.Build.0 = Release|Any CPU
		{AA394072-59DF-494D-A8EE-40C842203F47}.Release|ARM.Deploy.0 = Release|Any CPU
		{AA394072-59DF-494D-A8EE-40C842203F47}.Release|iPhone.ActiveCfg = Release|Any CPU
		{AA394072-59DF-494D-A8EE-40C842203F47}.Release|iPhone.Build.0 = Release|Any CPU
		{AA394072-59DF-494D-A8EE-40C842203F47}.Release|iPhone.Deploy.0 = Release|Any CPU
		{AA394072-59DF-494D-A8EE-40C842203F47}.Release|iPhoneSimulator.ActiveCfg = Release|Any CPU
		{AA394072-59DF-494D-A8EE-40C842203F47}.Release|iPhoneSimulator.Build.0 = Release|Any CPU
		{AA394072-59DF-494D-A8EE-40C842203F47}.Release|iPhoneSimulator.Deploy.0 = Release|Any CPU
		{AA394072-59DF-494D-A8EE-40C842203F47}.Release|x64.ActiveCfg = Release|Any CPU
		{AA394072-59DF-494D-A8EE-40C842203F47}.Release|x64.Build.0 = Release|Any CPU
		{AA394072-59DF-494D-A8EE-40C842203F47}.Release|x64.Deploy.0 = Release|Any CPU
		{AA394072-59DF-494D-A8EE-40C842203F47}.Release|x86.ActiveCfg = Release|Any CPU
		{AA394072-59DF-494D-A8EE-40C842203F47}.Release|x86.Build.0 = Release|Any CPU
		{AA394072-59DF-494D-A8EE-40C842203F47}.Release|x86.Deploy.0 = Release|Any CPU
		{340D86BD-B2AD-471B-BE96-91A80F5E8670}.Ad-Hoc|Any CPU.ActiveCfg = Release|Any CPU
		{340D86BD-B2AD-471B-BE96-91A80F5E8670}.Ad-Hoc|Any CPU.Build.0 = Release|Any CPU
		{340D86BD-B2AD-471B-BE96-91A80F5E8670}.Ad-Hoc|ARM.ActiveCfg = Release|Any CPU
		{340D86BD-B2AD-471B-BE96-91A80F5E8670}.Ad-Hoc|ARM.Build.0 = Release|Any CPU
		{340D86BD-B2AD-471B-BE96-91A80F5E8670}.Ad-Hoc|iPhone.ActiveCfg = Release|Any CPU
		{340D86BD-B2AD-471B-BE96-91A80F5E8670}.Ad-Hoc|iPhone.Build.0 = Release|Any CPU
		{340D86BD-B2AD-471B-BE96-91A80F5E8670}.Ad-Hoc|iPhoneSimulator.ActiveCfg = Release|Any CPU
		{340D86BD-B2AD-471B-BE96-91A80F5E8670}.Ad-Hoc|iPhoneSimulator.Build.0 = Release|Any CPU
		{340D86BD-B2AD-471B-BE96-91A80F5E8670}.Ad-Hoc|x64.ActiveCfg = Release|Any CPU
		{340D86BD-B2AD-471B-BE96-91A80F5E8670}.Ad-Hoc|x64.Build.0 = Release|Any CPU
		{340D86BD-B2AD-471B-BE96-91A80F5E8670}.Ad-Hoc|x86.ActiveCfg = Release|Any CPU
		{340D86BD-B2AD-471B-BE96-91A80F5E8670}.Ad-Hoc|x86.Build.0 = Release|Any CPU
		{340D86BD-B2AD-471B-BE96-91A80F5E8670}.AppStore|Any CPU.ActiveCfg = Release|Any CPU
		{340D86BD-B2AD-471B-BE96-91A80F5E8670}.AppStore|Any CPU.Build.0 = Release|Any CPU
		{340D86BD-B2AD-471B-BE96-91A80F5E8670}.AppStore|ARM.ActiveCfg = Release|Any CPU
		{340D86BD-B2AD-471B-BE96-91A80F5E8670}.AppStore|ARM.Build.0 = Release|Any CPU
		{340D86BD-B2AD-471B-BE96-91A80F5E8670}.AppStore|iPhone.ActiveCfg = Release|Any CPU
		{340D86BD-B2AD-471B-BE96-91A80F5E8670}.AppStore|iPhone.Build.0 = Release|Any CPU
		{340D86BD-B2AD-471B-BE96-91A80F5E8670}.AppStore|iPhoneSimulator.ActiveCfg = Release|Any CPU
		{340D86BD-B2AD-471B-BE96-91A80F5E8670}.AppStore|iPhoneSimulator.Build.0 = Release|Any CPU
		{340D86BD-B2AD-471B-BE96-91A80F5E8670}.AppStore|x64.ActiveCfg = Release|Any CPU
		{340D86BD-B2AD-471B-BE96-91A80F5E8670}.AppStore|x64.Build.0 = Release|Any CPU
		{340D86BD-B2AD-471B-BE96-91A80F5E8670}.AppStore|x86.ActiveCfg = Release|Any CPU
		{340D86BD-B2AD-471B-BE96-91A80F5E8670}.AppStore|x86.Build.0 = Release|Any CPU
		{340D86BD-B2AD-471B-BE96-91A80F5E8670}.Debug|Any CPU.ActiveCfg = Debug|Any CPU
		{340D86BD-B2AD-471B-BE96-91A80F5E8670}.Debug|Any CPU.Build.0 = Debug|Any CPU
		{340D86BD-B2AD-471B-BE96-91A80F5E8670}.Debug|ARM.ActiveCfg = Debug|Any CPU
		{340D86BD-B2AD-471B-BE96-91A80F5E8670}.Debug|ARM.Build.0 = Debug|Any CPU
		{340D86BD-B2AD-471B-BE96-91A80F5E8670}.Debug|iPhone.ActiveCfg = Debug|Any CPU
		{340D86BD-B2AD-471B-BE96-91A80F5E8670}.Debug|iPhone.Build.0 = Debug|Any CPU
		{340D86BD-B2AD-471B-BE96-91A80F5E8670}.Debug|iPhoneSimulator.ActiveCfg = Debug|Any CPU
		{340D86BD-B2AD-471B-BE96-91A80F5E8670}.Debug|iPhoneSimulator.Build.0 = Debug|Any CPU
		{340D86BD-B2AD-471B-BE96-91A80F5E8670}.Debug|x64.ActiveCfg = Debug|Any CPU
		{340D86BD-B2AD-471B-BE96-91A80F5E8670}.Debug|x64.Build.0 = Debug|Any CPU
		{340D86BD-B2AD-471B-BE96-91A80F5E8670}.Debug|x86.ActiveCfg = Debug|Any CPU
		{340D86BD-B2AD-471B-BE96-91A80F5E8670}.Debug|x86.Build.0 = Debug|Any CPU
		{340D86BD-B2AD-471B-BE96-91A80F5E8670}.Release|Any CPU.ActiveCfg = Release|Any CPU
		{340D86BD-B2AD-471B-BE96-91A80F5E8670}.Release|Any CPU.Build.0 = Release|Any CPU
		{340D86BD-B2AD-471B-BE96-91A80F5E8670}.Release|ARM.ActiveCfg = Release|Any CPU
		{340D86BD-B2AD-471B-BE96-91A80F5E8670}.Release|ARM.Build.0 = Release|Any CPU
		{340D86BD-B2AD-471B-BE96-91A80F5E8670}.Release|iPhone.ActiveCfg = Release|Any CPU
		{340D86BD-B2AD-471B-BE96-91A80F5E8670}.Release|iPhone.Build.0 = Release|Any CPU
		{340D86BD-B2AD-471B-BE96-91A80F5E8670}.Release|iPhoneSimulator.ActiveCfg = Release|Any CPU
		{340D86BD-B2AD-471B-BE96-91A80F5E8670}.Release|iPhoneSimulator.Build.0 = Release|Any CPU
		{340D86BD-B2AD-471B-BE96-91A80F5E8670}.Release|x64.ActiveCfg = Release|Any CPU
		{340D86BD-B2AD-471B-BE96-91A80F5E8670}.Release|x64.Build.0 = Release|Any CPU
		{340D86BD-B2AD-471B-BE96-91A80F5E8670}.Release|x86.ActiveCfg = Release|Any CPU
		{340D86BD-B2AD-471B-BE96-91A80F5E8670}.Release|x86.Build.0 = Release|Any CPU
		{8D5ED9BE-53F3-4187-8D2E-51AAE91565AF}.Ad-Hoc|Any CPU.ActiveCfg = Release|x86
		{8D5ED9BE-53F3-4187-8D2E-51AAE91565AF}.Ad-Hoc|Any CPU.Build.0 = Release|x86
		{8D5ED9BE-53F3-4187-8D2E-51AAE91565AF}.Ad-Hoc|Any CPU.Deploy.0 = Release|x86
		{8D5ED9BE-53F3-4187-8D2E-51AAE91565AF}.Ad-Hoc|ARM.ActiveCfg = Release|ARM
		{8D5ED9BE-53F3-4187-8D2E-51AAE91565AF}.Ad-Hoc|ARM.Build.0 = Release|ARM
		{8D5ED9BE-53F3-4187-8D2E-51AAE91565AF}.Ad-Hoc|ARM.Deploy.0 = Release|ARM
		{8D5ED9BE-53F3-4187-8D2E-51AAE91565AF}.Ad-Hoc|iPhone.ActiveCfg = Release|x86
		{8D5ED9BE-53F3-4187-8D2E-51AAE91565AF}.Ad-Hoc|iPhone.Build.0 = Release|x86
		{8D5ED9BE-53F3-4187-8D2E-51AAE91565AF}.Ad-Hoc|iPhone.Deploy.0 = Release|x86
		{8D5ED9BE-53F3-4187-8D2E-51AAE91565AF}.Ad-Hoc|iPhoneSimulator.ActiveCfg = Release|x86
		{8D5ED9BE-53F3-4187-8D2E-51AAE91565AF}.Ad-Hoc|iPhoneSimulator.Build.0 = Release|x86
		{8D5ED9BE-53F3-4187-8D2E-51AAE91565AF}.Ad-Hoc|iPhoneSimulator.Deploy.0 = Release|x86
		{8D5ED9BE-53F3-4187-8D2E-51AAE91565AF}.Ad-Hoc|x64.ActiveCfg = Release|x64
		{8D5ED9BE-53F3-4187-8D2E-51AAE91565AF}.Ad-Hoc|x64.Build.0 = Release|x64
		{8D5ED9BE-53F3-4187-8D2E-51AAE91565AF}.Ad-Hoc|x64.Deploy.0 = Release|x64
		{8D5ED9BE-53F3-4187-8D2E-51AAE91565AF}.Ad-Hoc|x86.ActiveCfg = Release|x86
		{8D5ED9BE-53F3-4187-8D2E-51AAE91565AF}.Ad-Hoc|x86.Build.0 = Release|x86
		{8D5ED9BE-53F3-4187-8D2E-51AAE91565AF}.Ad-Hoc|x86.Deploy.0 = Release|x86
		{8D5ED9BE-53F3-4187-8D2E-51AAE91565AF}.AppStore|Any CPU.ActiveCfg = Release|x86
		{8D5ED9BE-53F3-4187-8D2E-51AAE91565AF}.AppStore|Any CPU.Build.0 = Release|x86
		{8D5ED9BE-53F3-4187-8D2E-51AAE91565AF}.AppStore|Any CPU.Deploy.0 = Release|x86
		{8D5ED9BE-53F3-4187-8D2E-51AAE91565AF}.AppStore|ARM.ActiveCfg = Release|ARM
		{8D5ED9BE-53F3-4187-8D2E-51AAE91565AF}.AppStore|ARM.Build.0 = Release|ARM
		{8D5ED9BE-53F3-4187-8D2E-51AAE91565AF}.AppStore|ARM.Deploy.0 = Release|ARM
		{8D5ED9BE-53F3-4187-8D2E-51AAE91565AF}.AppStore|iPhone.ActiveCfg = Release|x86
		{8D5ED9BE-53F3-4187-8D2E-51AAE91565AF}.AppStore|iPhone.Build.0 = Release|x86
		{8D5ED9BE-53F3-4187-8D2E-51AAE91565AF}.AppStore|iPhone.Deploy.0 = Release|x86
		{8D5ED9BE-53F3-4187-8D2E-51AAE91565AF}.AppStore|iPhoneSimulator.ActiveCfg = Release|x86
		{8D5ED9BE-53F3-4187-8D2E-51AAE91565AF}.AppStore|iPhoneSimulator.Build.0 = Release|x86
		{8D5ED9BE-53F3-4187-8D2E-51AAE91565AF}.AppStore|iPhoneSimulator.Deploy.0 = Release|x86
		{8D5ED9BE-53F3-4187-8D2E-51AAE91565AF}.AppStore|x64.ActiveCfg = Release|x64
		{8D5ED9BE-53F3-4187-8D2E-51AAE91565AF}.AppStore|x64.Build.0 = Release|x64
		{8D5ED9BE-53F3-4187-8D2E-51AAE91565AF}.AppStore|x64.Deploy.0 = Release|x64
		{8D5ED9BE-53F3-4187-8D2E-51AAE91565AF}.AppStore|x86.ActiveCfg = Release|x86
		{8D5ED9BE-53F3-4187-8D2E-51AAE91565AF}.AppStore|x86.Build.0 = Release|x86
		{8D5ED9BE-53F3-4187-8D2E-51AAE91565AF}.AppStore|x86.Deploy.0 = Release|x86
		{8D5ED9BE-53F3-4187-8D2E-51AAE91565AF}.Debug|Any CPU.ActiveCfg = Debug|x86
		{8D5ED9BE-53F3-4187-8D2E-51AAE91565AF}.Debug|Any CPU.Build.0 = Debug|x86
		{8D5ED9BE-53F3-4187-8D2E-51AAE91565AF}.Debug|Any CPU.Deploy.0 = Debug|x86
		{8D5ED9BE-53F3-4187-8D2E-51AAE91565AF}.Debug|ARM.ActiveCfg = Debug|ARM
		{8D5ED9BE-53F3-4187-8D2E-51AAE91565AF}.Debug|ARM.Build.0 = Debug|ARM
		{8D5ED9BE-53F3-4187-8D2E-51AAE91565AF}.Debug|ARM.Deploy.0 = Debug|ARM
		{8D5ED9BE-53F3-4187-8D2E-51AAE91565AF}.Debug|iPhone.ActiveCfg = Debug|x86
		{8D5ED9BE-53F3-4187-8D2E-51AAE91565AF}.Debug|iPhoneSimulator.ActiveCfg = Debug|x86
		{8D5ED9BE-53F3-4187-8D2E-51AAE91565AF}.Debug|x64.ActiveCfg = Debug|x64
		{8D5ED9BE-53F3-4187-8D2E-51AAE91565AF}.Debug|x64.Build.0 = Debug|x64
		{8D5ED9BE-53F3-4187-8D2E-51AAE91565AF}.Debug|x64.Deploy.0 = Debug|x64
		{8D5ED9BE-53F3-4187-8D2E-51AAE91565AF}.Debug|x86.ActiveCfg = Debug|x86
		{8D5ED9BE-53F3-4187-8D2E-51AAE91565AF}.Debug|x86.Build.0 = Debug|x86
		{8D5ED9BE-53F3-4187-8D2E-51AAE91565AF}.Debug|x86.Deploy.0 = Debug|x86
		{8D5ED9BE-53F3-4187-8D2E-51AAE91565AF}.Release|Any CPU.ActiveCfg = Release|x86
		{8D5ED9BE-53F3-4187-8D2E-51AAE91565AF}.Release|ARM.ActiveCfg = Release|ARM
		{8D5ED9BE-53F3-4187-8D2E-51AAE91565AF}.Release|ARM.Build.0 = Release|ARM
		{8D5ED9BE-53F3-4187-8D2E-51AAE91565AF}.Release|ARM.Deploy.0 = Release|ARM
		{8D5ED9BE-53F3-4187-8D2E-51AAE91565AF}.Release|iPhone.ActiveCfg = Release|x86
		{8D5ED9BE-53F3-4187-8D2E-51AAE91565AF}.Release|iPhoneSimulator.ActiveCfg = Release|x86
		{8D5ED9BE-53F3-4187-8D2E-51AAE91565AF}.Release|x64.ActiveCfg = Release|x64
		{8D5ED9BE-53F3-4187-8D2E-51AAE91565AF}.Release|x64.Build.0 = Release|x64
		{8D5ED9BE-53F3-4187-8D2E-51AAE91565AF}.Release|x64.Deploy.0 = Release|x64
		{8D5ED9BE-53F3-4187-8D2E-51AAE91565AF}.Release|x86.ActiveCfg = Release|x86
		{8D5ED9BE-53F3-4187-8D2E-51AAE91565AF}.Release|x86.Build.0 = Release|x86
		{8D5ED9BE-53F3-4187-8D2E-51AAE91565AF}.Release|x86.Deploy.0 = Release|x86
		{B1ED666F-D3EB-4E7D-9EA2-C6AD6B6AAA0C}.Ad-Hoc|Any CPU.ActiveCfg = Ad-Hoc|iPhone
		{B1ED666F-D3EB-4E7D-9EA2-C6AD6B6AAA0C}.Ad-Hoc|ARM.ActiveCfg = Ad-Hoc|iPhone
		{B1ED666F-D3EB-4E7D-9EA2-C6AD6B6AAA0C}.Ad-Hoc|iPhone.ActiveCfg = Ad-Hoc|iPhone
		{B1ED666F-D3EB-4E7D-9EA2-C6AD6B6AAA0C}.Ad-Hoc|iPhone.Build.0 = Ad-Hoc|iPhone
		{B1ED666F-D3EB-4E7D-9EA2-C6AD6B6AAA0C}.Ad-Hoc|iPhoneSimulator.ActiveCfg = Ad-Hoc|iPhoneSimulator
		{B1ED666F-D3EB-4E7D-9EA2-C6AD6B6AAA0C}.Ad-Hoc|iPhoneSimulator.Build.0 = Ad-Hoc|iPhoneSimulator
		{B1ED666F-D3EB-4E7D-9EA2-C6AD6B6AAA0C}.Ad-Hoc|x64.ActiveCfg = Ad-Hoc|iPhone
		{B1ED666F-D3EB-4E7D-9EA2-C6AD6B6AAA0C}.Ad-Hoc|x86.ActiveCfg = Ad-Hoc|iPhone
		{B1ED666F-D3EB-4E7D-9EA2-C6AD6B6AAA0C}.AppStore|Any CPU.ActiveCfg = AppStore|iPhone
		{B1ED666F-D3EB-4E7D-9EA2-C6AD6B6AAA0C}.AppStore|ARM.ActiveCfg = AppStore|iPhone
		{B1ED666F-D3EB-4E7D-9EA2-C6AD6B6AAA0C}.AppStore|iPhone.ActiveCfg = AppStore|iPhone
		{B1ED666F-D3EB-4E7D-9EA2-C6AD6B6AAA0C}.AppStore|iPhone.Build.0 = AppStore|iPhone
		{B1ED666F-D3EB-4E7D-9EA2-C6AD6B6AAA0C}.AppStore|iPhoneSimulator.ActiveCfg = AppStore|iPhoneSimulator
		{B1ED666F-D3EB-4E7D-9EA2-C6AD6B6AAA0C}.AppStore|iPhoneSimulator.Build.0 = AppStore|iPhoneSimulator
		{B1ED666F-D3EB-4E7D-9EA2-C6AD6B6AAA0C}.AppStore|x64.ActiveCfg = AppStore|iPhone
		{B1ED666F-D3EB-4E7D-9EA2-C6AD6B6AAA0C}.AppStore|x86.ActiveCfg = AppStore|iPhone
		{B1ED666F-D3EB-4E7D-9EA2-C6AD6B6AAA0C}.Debug|Any CPU.ActiveCfg = Debug|iPhone
		{B1ED666F-D3EB-4E7D-9EA2-C6AD6B6AAA0C}.Debug|ARM.ActiveCfg = Debug|iPhone
		{B1ED666F-D3EB-4E7D-9EA2-C6AD6B6AAA0C}.Debug|iPhone.ActiveCfg = Debug|iPhone
		{B1ED666F-D3EB-4E7D-9EA2-C6AD6B6AAA0C}.Debug|iPhone.Build.0 = Debug|iPhone
		{B1ED666F-D3EB-4E7D-9EA2-C6AD6B6AAA0C}.Debug|iPhoneSimulator.ActiveCfg = Debug|iPhoneSimulator
		{B1ED666F-D3EB-4E7D-9EA2-C6AD6B6AAA0C}.Debug|iPhoneSimulator.Build.0 = Debug|iPhoneSimulator
		{B1ED666F-D3EB-4E7D-9EA2-C6AD6B6AAA0C}.Debug|x64.ActiveCfg = Debug|iPhone
		{B1ED666F-D3EB-4E7D-9EA2-C6AD6B6AAA0C}.Debug|x86.ActiveCfg = Debug|iPhone
		{B1ED666F-D3EB-4E7D-9EA2-C6AD6B6AAA0C}.Release|Any CPU.ActiveCfg = Release|iPhone
		{B1ED666F-D3EB-4E7D-9EA2-C6AD6B6AAA0C}.Release|ARM.ActiveCfg = Release|iPhone
		{B1ED666F-D3EB-4E7D-9EA2-C6AD6B6AAA0C}.Release|iPhone.ActiveCfg = Release|iPhone
		{B1ED666F-D3EB-4E7D-9EA2-C6AD6B6AAA0C}.Release|iPhone.Build.0 = Release|iPhone
		{B1ED666F-D3EB-4E7D-9EA2-C6AD6B6AAA0C}.Release|iPhoneSimulator.ActiveCfg = Release|iPhoneSimulator
		{B1ED666F-D3EB-4E7D-9EA2-C6AD6B6AAA0C}.Release|iPhoneSimulator.Build.0 = Release|iPhoneSimulator
		{B1ED666F-D3EB-4E7D-9EA2-C6AD6B6AAA0C}.Release|x64.ActiveCfg = Release|iPhone
		{B1ED666F-D3EB-4E7D-9EA2-C6AD6B6AAA0C}.Release|x86.ActiveCfg = Release|iPhone
	EndGlobalSection
	GlobalSection(SolutionProperties) = preSolution
		HideSolutionNode = FALSE
	EndGlobalSection
EndGlobal
